
Microsoft Visual Studio Solution File, Format Version 12.00
# Visual Studio 15
VisualStudioVersion = 15.0.27703.2042
MinimumVisualStudioVersion = 10.0.40219.1
Project("{FAE04EC0-301F-11D3-BF4B-00C04F79EFBC}") = "Client", "Client\Client.csproj", "{0A02B317-9074-4C4D-A3C0-DED490B9590B}"
EndProject
Global
	GlobalSection(SolutionConfigurationPlatforms) = preSolution
		Debug|Any CPU = Debug|Any CPU
		Release|Any CPU = Release|Any CPU
	EndGlobalSection
	GlobalSection(ProjectConfigurationPlatforms) = postSolution
		{0A02B317-9074-4C4D-A3C0-DED490B9590B}.Debug|Any CPU.ActiveCfg = Debug|Any CPU
		{0A02B317-9074-4C4D-A3C0-DED490B9590B}.Debug|Any CPU.Build.0 = Debug|Any CPU
		{0A02B317-9074-4C4D-A3C0-DED490B9590B}.Release|Any CPU.ActiveCfg = Release|Any CPU
		{0A02B317-9074-4C4D-A3C0-DED490B9590B}.Release|Any CPU.Build.0 = Release|Any CPU
	EndGlobalSection
	GlobalSection(SolutionProperties) = preSolution
		HideSolutionNode = FALSE
	EndGlobalSection
	GlobalSection(ExtensibilityGlobals) = postSolution
		SolutionGuid = {C4F1FCAB-1987-485B-A738-EF7074CC9FF2}
	EndGlobalSection
EndGlobal
