
Microsoft Visual Studio Solution File, Format Version 12.00
# Visual Studio 15
VisualStudioVersion = 15.0.27703.2035
MinimumVisualStudioVersion = 10.0.40219.1
Project("{FAE04EC0-301F-11D3-BF4B-00C04F79EFBC}") = "Errors", "Errors\Errors.csproj", "{60C9DFC5-94F6-4963-B566-5557CBDDBE88}"
EndProject
Global
	GlobalSection(SolutionConfigurationPlatforms) = preSolution
		Debug|Any CPU = Debug|Any CPU
		Release|Any CPU = Release|Any CPU
	EndGlobalSection
	GlobalSection(ProjectConfigurationPlatforms) = postSolution
		{60C9DFC5-94F6-4963-B566-5557CBDDBE88}.Debug|Any CPU.ActiveCfg = Debug|Any CPU
		{60C9DFC5-94F6-4963-B566-5557CBDDBE88}.Debug|Any CPU.Build.0 = Debug|Any CPU
		{60C9DFC5-94F6-4963-B566-5557CBDDBE88}.Release|Any CPU.ActiveCfg = Release|Any CPU
		{60C9DFC5-94F6-4963-B566-5557CBDDBE88}.Release|Any CPU.Build.0 = Release|Any CPU
	EndGlobalSection
	GlobalSection(SolutionProperties) = preSolution
		HideSolutionNode = FALSE
	EndGlobalSection
	GlobalSection(ExtensibilityGlobals) = postSolution
		SolutionGuid = {3824DB50-D7E8-48E2-AFCC-A37BE9415FD4}
	EndGlobalSection
EndGlobal
