
Microsoft Visual Studio Solution File, Format Version 12.00
# Visual Studio 15
VisualStudioVersion = 15.0.28307.106
MinimumVisualStudioVersion = 10.0.40219.1
Project("{FAE04EC0-301F-11D3-BF4B-00C04F79EFBC}") = "DotNetClient", "DotNetClient\DotNetClient.csproj", "{BC7A435C-D05C-45AD-9D7F-D0E0DD535ED5}"
EndProject
Global
	GlobalSection(SolutionConfigurationPlatforms) = preSolution
		Debug|Any CPU = Debug|Any CPU
		Release|Any CPU = Release|Any CPU
	EndGlobalSection
	GlobalSection(ProjectConfigurationPlatforms) = postSolution
		{BC7A435C-D05C-45AD-9D7F-D0E0DD535ED5}.Debug|Any CPU.ActiveCfg = Debug|Any CPU
		{BC7A435C-D05C-45AD-9D7F-D0E0DD535ED5}.Debug|Any CPU.Build.0 = Debug|Any CPU
		{BC7A435C-D05C-45AD-9D7F-D0E0DD535ED5}.Release|Any CPU.ActiveCfg = Release|Any CPU
		{BC7A435C-D05C-45AD-9D7F-D0E0DD535ED5}.Release|Any CPU.Build.0 = Release|Any CPU
	EndGlobalSection
	GlobalSection(SolutionProperties) = preSolution
		HideSolutionNode = FALSE
	EndGlobalSection
	GlobalSection(ExtensibilityGlobals) = postSolution
		SolutionGuid = {8173D264-36F7-4743-B498-6DB6AF4F3C3E}
	EndGlobalSection
EndGlobal
